
Microsoft Visual Studio Solution File, Format Version 12.00
# Visual Studio Version 17
VisualStudioVersion = 17.13.35818.85 d17.13
MinimumVisualStudioVersion = 10.0.40219.1
Project("{FAE04EC0-301F-11D3-BF4B-00C04F79EFBC}") = "EncoreTIX", "EncoreTIX.csproj", "{58C37E8B-0C8E-4835-851B-9CC5D6241C9E}"
EndProject
Global
	GlobalSection(SolutionConfigurationPlatforms) = preSolution
		Debug|Any CPU = Debug|Any CPU
		Release|Any CPU = Release|Any CPU
	EndGlobalSection
	GlobalSection(ProjectConfigurationPlatforms) = postSolution
		{58C37E8B-0C8E-4835-851B-9CC5D6241C9E}.Debug|Any CPU.ActiveCfg = Debug|Any CPU
		{58C37E8B-0C8E-4835-851B-9CC5D6241C9E}.Debug|Any CPU.Build.0 = Debug|Any CPU
		{58C37E8B-0C8E-4835-851B-9CC5D6241C9E}.Debug|Any CPU.Deploy.0 = Debug|Any CPU
		{58C37E8B-0C8E-4835-851B-9CC5D6241C9E}.Release|Any CPU.ActiveCfg = Release|Any CPU
		{58C37E8B-0C8E-4835-851B-9CC5D6241C9E}.Release|Any CPU.Build.0 = Release|Any CPU
	EndGlobalSection
	GlobalSection(SolutionProperties) = preSolution
		HideSolutionNode = FALSE
	EndGlobalSection
	GlobalSection(ExtensibilityGlobals) = postSolution
		SolutionGuid = {A14157AE-DB31-4AC9-A7A6-9FCF9C4A68A7}
	EndGlobalSection
EndGlobal
